<?xml version="1.0" encoding="utf-8"?>
<Project ToolsVersion="4.0" xmlns="http://schemas.microsoft.com/developer/msbuild/2003">
  <ItemGroup>
    <Filter Include="Source Files">
      <UniqueIdentifier>{4FC737F1-C7A5-4376-A066-2A32D752A2FF}</UniqueIdentifier>
      <Extensions>cpp;c;cc;cxx;def;odl;idl;hpj;bat;asm;asmx</Extensions>
    </Filter>
    <Filter Include="Header Files">
      <UniqueIdentifier>{93995380-89BD-4b04-88EB-625FBE52EBFB}</UniqueIdentifier>
      <Extensions>h;hh;hpp;hxx;hm;inl;inc;xsd</Extensions>
    </Filter>
    <Filter Include="Resource Files">
      <UniqueIdentifier>{67DA6AB6-F800-4c08-8B7A-83BB121AAD01}</UniqueIdentifier>
      <Extensions>rc;ico;cur;bmp;dlg;rc2;rct;bin;rgs;gif;jpg;jpeg;jpe;resx;tiff;tif;png;wav;mfcribbon-ms</Extensions>
    </Filter>
    <Filter Include="Header Files\Base">
      <UniqueIdentifier>{a4d1023e-714d-404e-8cd4-72816b4d7dab}</UniqueIdentifier>
    </Filter>
    <Filter Include="Source Files\Base">
      <UniqueIdentifier>{db08534e-449b-4897-aff0-9e62728e0532}</UniqueIdentifier>
    </Filter>
    <Filter Include="Header Files\Base\Physics">
      <UniqueIdentifier>{575f3422-d4a0-4f34-99fa-a00fbfd89eb2}</UniqueIdentifier>
    </Filter>
    <Filter Include="Source Files\Base\Physics">
      <UniqueIdentifier>{1f9d50eb-b66e-4567-a186-ac0636046700}</UniqueIdentifier>
    </Filter>
    <Filter Include="Header Files\Game">
      <UniqueIdentifier>{ffe6b00b-e581-4619-96d0-279654f50226}</UniqueIdentifier>
    </Filter>
    <Filter Include="Header Files\Game\Ship">
      <UniqueIdentifier>{713e2959-a69c-4424-903a-9d256f1c2403}</UniqueIdentifier>
    </Filter>
    <Filter Include="Header Files\Game\Ship\Module">
      <UniqueIdentifier>{90c1969c-1b4b-49d8-984d-71f8c212987c}</UniqueIdentifier>
    </Filter>
    <Filter Include="Source Files\Game">
      <UniqueIdentifier>{80a2efa4-d96a-46fe-882d-a24ed6856c55}</UniqueIdentifier>
    </Filter>
    <Filter Include="Source Files\Game\Ship">
      <UniqueIdentifier>{95f4a3b0-43cc-4ba9-b9e4-e3dcdfa84c38}</UniqueIdentifier>
    </Filter>
    <Filter Include="Source Files\Game\Ship\Module">
      <UniqueIdentifier>{f6c41199-24a4-47b2-89e4-5121b1ae5b24}</UniqueIdentifier>
    </Filter>
    <Filter Include="Header Files\GUI">
      <UniqueIdentifier>{b1ef09bc-9a92-4c45-a3f0-9c02d2696ed4}</UniqueIdentifier>
    </Filter>
    <Filter Include="Source Files\GUI">
      <UniqueIdentifier>{b3da0a6c-011b-4d7a-8a7a-5db630adf34a}</UniqueIdentifier>
    </Filter>
  </ItemGroup>
  <ItemGroup>
    <ClInclude Include="Includes.hpp">
      <Filter>Header Files</Filter>
    </ClInclude>
    <ClInclude Include="Angle.hpp">
      <Filter>Header Files\Base\Physics</Filter>
    </ClInclude>
    <ClInclude Include="Entity.hpp">
      <Filter>Header Files\Base\Physics</Filter>
    </ClInclude>
    <ClInclude Include="Force.hpp">
      <Filter>Header Files\Base\Physics</Filter>
    </ClInclude>
    <ClInclude Include="Physics.hpp">
      <Filter>Header Files\Base\Physics</Filter>
    </ClInclude>
    <ClInclude Include="Board.hpp">
      <Filter>Header Files\Base</Filter>
    </ClInclude>
    <ClInclude Include="Chunk.hpp">
      <Filter>Header Files\Base</Filter>
    </ClInclude>
    <ClInclude Include="TextureMap.hpp">
      <Filter>Header Files\Base</Filter>
    </ClInclude>
    <ClInclude Include="Damageable.hpp">
      <Filter>Header Files\Game\Ship\Module</Filter>
    </ClInclude>
    <ClInclude Include="Module.hpp">
      <Filter>Header Files\Game\Ship\Module</Filter>
    </ClInclude>
    <ClInclude Include="Ship.hpp">
      <Filter>Header Files\Game\Ship</Filter>
    </ClInclude>
    <ClInclude Include="ShipFrame.hpp">
      <Filter>Header Files\Game\Ship</Filter>
    </ClInclude>
    <ClInclude Include="ModuleTypes.hpp">
      <Filter>Header Files\Game\Ship\Module</Filter>
    </ClInclude>
    <ClInclude Include="GameBoard.hpp">
      <Filter>Header Files\Game</Filter>
    </ClInclude>
    <ClInclude Include="Projectile.hpp">
      <Filter>Header Files\Game</Filter>
    </ClInclude>
    <ClInclude Include="Button.hpp">
      <Filter>Header Files\GUI</Filter>
    </ClInclude>
    <ClInclude Include="GUI.hpp">
      <Filter>Header Files\GUI</Filter>
    </ClInclude>
    <ClInclude Include="Widget.hpp">
      <Filter>Header Files\GUI</Filter>
    </ClInclude>
    <ClInclude Include="GameGUI.hpp">
      <Filter>Header Files\GUI</Filter>
    </ClInclude>
    <ClInclude Include="Commander.hpp">
      <Filter>Header Files\Game</Filter>
    </ClInclude>
    <ClInclude Include="ShipTemplate.hpp">
      <Filter>Header Files\Game\Ship</Filter>
    </ClInclude>
    <ClInclude Include="ShipButton.hpp">
      <Filter>Header Files\GUI</Filter>
    </ClInclude>
    <ClInclude Include="Player.hpp">
      <Filter>Header Files\Game</Filter>
    </ClInclude>
    <ClInclude Include="TextField.hpp">
      <Filter>Header Files\GUI</Filter>
    </ClInclude>
    <ClInclude Include="CSV.hpp">
      <Filter>Header Files\Base</Filter>
    </ClInclude>
    <ClInclude Include="LoadData.hpp">
      <Filter>Header Files\Game</Filter>
    </ClInclude>
    <ClInclude Include="ResourceManager.hpp">
      <Filter>Header Files\Game</Filter>
    </ClInclude>
  </ItemGroup>
  <ItemGroup>
    <ClCompile Include="Main.cpp">
      <Filter>Source Files</Filter>
    </ClCompile>
    <ClCompile Include="Entity.cpp">
      <Filter>Source Files\Base\Physics</Filter>
    </ClCompile>
    <ClCompile Include="Force.cpp">
      <Filter>Source Files\Base\Physics</Filter>
    </ClCompile>
    <ClCompile Include="Physics.cpp">
      <Filter>Source Files\Base\Physics</Filter>
    </ClCompile>
    <ClCompile Include="TextureMap.cpp">
      <Filter>Source Files\Base</Filter>
    </ClCompile>
    <ClCompile Include="Ship.cpp">
      <Filter>Source Files\Game\Ship</Filter>
    </ClCompile>
    <ClCompile Include="ShipFrame.cpp">
      <Filter>Source Files\Game\Ship</Filter>
    </ClCompile>
    <ClCompile Include="Module.cpp">
      <Filter>Source Files\Game\Ship\Module</Filter>
    </ClCompile>
    <ClCompile Include="ModuleTypes.cpp">
      <Filter>Source Files\Game\Ship\Module</Filter>
    </ClCompile>
    <ClCompile Include="GameBoard.cpp">
      <Filter>Source Files\Game</Filter>
    </ClCompile>
    <ClCompile Include="Projectile.cpp">
      <Filter>Source Files\Game</Filter>
    </ClCompile>
    <ClCompile Include="Button.cpp">
      <Filter>Source Files\GUI</Filter>
    </ClCompile>
    <ClCompile Include="GUI.cpp">
      <Filter>Source Files\GUI</Filter>
    </ClCompile>
    <ClCompile Include="Widget.cpp">
      <Filter>Source Files\GUI</Filter>
    </ClCompile>
    <ClCompile Include="GameGUI.cpp">
      <Filter>Source Files\GUI</Filter>
    </ClCompile>
    <ClCompile Include="Commander.cpp">
      <Filter>Source Files\Game</Filter>
    </ClCompile>
    <ClCompile Include="ShipButton.cpp">
      <Filter>Source Files\GUI</Filter>
    </ClCompile>
    <ClCompile Include="Player.cpp">
      <Filter>Source Files\Game</Filter>
    </ClCompile>
    <ClCompile Include="CSV.cpp">
      <Filter>Source Files\Base</Filter>
    </ClCompile>
    <ClCompile Include="LoadData.cpp">
      <Filter>Source Files\Game</Filter>
    </ClCompile>
    <ClCompile Include="ResourceManager.cpp">
      <Filter>Source Files\Game</Filter>
    </ClCompile>
  </ItemGroup>
</Project>