<?xml version="1.0" encoding="utf-8"?>
<Project ToolsVersion="4.0" xmlns="http://schemas.microsoft.com/developer/msbuild/2003">
  <ItemGroup>
    <Filter Include="Source Files">
      <UniqueIdentifier>{4FC737F1-C7A5-4376-A066-2A32D752A2FF}</UniqueIdentifier>
      <Extensions>cpp;c;cc;cxx;def;odl;idl;hpj;bat;asm;asmx</Extensions>
    </Filter>
    <Filter Include="Header Files">
      <UniqueIdentifier>{93995380-89BD-4b04-88EB-625FBE52EBFB}</UniqueIdentifier>
      <Extensions>h;hh;hpp;hxx;hm;inl;inc;xsd</Extensions>
    </Filter>
    <Filter Include="Resource Files">
      <UniqueIdentifier>{67DA6AB6-F800-4c08-8B7A-83BB121AAD01}</UniqueIdentifier>
      <Extensions>rc;ico;cur;bmp;dlg;rc2;rct;bin;rgs;gif;jpg;jpeg;jpe;resx;tiff;tif;png;wav;mfcribbon-ms</Extensions>
    </Filter>
  </ItemGroup>
  <ItemGroup>
    <Text Include="ReadMe.txt" />
    <Text Include="ChangeLog.txt">
      <Filter>Resource Files</Filter>
    </Text>
  </ItemGroup>
  <ItemGroup>
    <ClInclude Include="stdafx.h">
      <Filter>Header Files</Filter>
    </ClInclude>
    <ClInclude Include="targetver.h">
      <Filter>Header Files</Filter>
    </ClInclude>
    <ClInclude Include="Computer.hpp">
      <Filter>Header Files</Filter>
    </ClInclude>
    <ClInclude Include="Declarations.hpp">
      <Filter>Header Files</Filter>
    </ClInclude>
    <ClInclude Include="Processor.hpp">
      <Filter>Header Files</Filter>
    </ClInclude>
    <ClInclude Include="Software.hpp">
      <Filter>Header Files</Filter>
    </ClInclude>
    <ClInclude Include="Hardware.hpp">
      <Filter>Header Files</Filter>
    </ClInclude>
    <ClInclude Include="WirelessNetworkAdapter.hpp">
      <Filter>Header Files</Filter>
    </ClInclude>
    <ClInclude Include="USBHub.hpp">
      <Filter>Header Files</Filter>
    </ClInclude>
    <ClInclude Include="StorageDevice.hpp">
      <Filter>Header Files</Filter>
    </ClInclude>
    <ClInclude Include="Harddrive.hpp">
      <Filter>Header Files</Filter>
    </ClInclude>
    <ClInclude Include="Folder.hpp">
      <Filter>Header Files</Filter>
    </ClInclude>
    <ClInclude Include="USB_Drive.hpp">
      <Filter>Header Files</Filter>
    </ClInclude>
    <ClInclude Include="OperatingSystem.hpp">
      <Filter>Header Files</Filter>
    </ClInclude>
    <ClInclude Include="User.hpp">
      <Filter>Header Files</Filter>
    </ClInclude>
    <ClInclude Include="Antivirus.hpp">
      <Filter>Header Files</Filter>
    </ClInclude>
    <ClInclude Include="Virus.hpp">
      <Filter>Header Files</Filter>
    </ClInclude>
    <ClInclude Include="Permissions.hpp">
      <Filter>Header Files</Filter>
    </ClInclude>
    <ClInclude Include="EthernetPort.hpp">
      <Filter>Header Files</Filter>
    </ClInclude>
    <ClInclude Include="Connection.hpp">
      <Filter>Header Files</Filter>
    </ClInclude>
    <ClInclude Include="Firewall.hpp">
      <Filter>Header Files</Filter>
    </ClInclude>
    <ClInclude Include="Browser.hpp">
      <Filter>Header Files</Filter>
    </ClInclude>
    <ClInclude Include="Website.hpp">
      <Filter>Header Files</Filter>
    </ClInclude>
    <ClInclude Include="Router.hpp">
      <Filter>Header Files</Filter>
    </ClInclude>
  </ItemGroup>
  <ItemGroup>
    <ClCompile Include="stdafx.cpp">
      <Filter>Source Files</Filter>
    </ClCompile>
    <ClCompile Include="VirusSimulator.cpp">
      <Filter>Source Files</Filter>
    </ClCompile>
    <ClCompile Include="Computer.cpp">
      <Filter>Source Files</Filter>
    </ClCompile>
    <ClCompile Include="Processor.cpp">
      <Filter>Source Files</Filter>
    </ClCompile>
    <ClCompile Include="Software.cpp">
      <Filter>Source Files</Filter>
    </ClCompile>
    <ClCompile Include="Hardware.cpp">
      <Filter>Source Files</Filter>
    </ClCompile>
    <ClCompile Include="WirelessNetworkAdapter.cpp">
      <Filter>Source Files</Filter>
    </ClCompile>
    <ClCompile Include="USBHub.cpp">
      <Filter>Source Files</Filter>
    </ClCompile>
    <ClCompile Include="StorageDevice.cpp">
      <Filter>Source Files</Filter>
    </ClCompile>
    <ClCompile Include="Folder.cpp">
      <Filter>Source Files</Filter>
    </ClCompile>
    <ClCompile Include="Harddrive.cpp">
      <Filter>Source Files</Filter>
    </ClCompile>
    <ClCompile Include="USB_Drive.cpp">
      <Filter>Source Files</Filter>
    </ClCompile>
    <ClCompile Include="OperatingSystem.cpp">
      <Filter>Source Files</Filter>
    </ClCompile>
    <ClCompile Include="User.cpp">
      <Filter>Source Files</Filter>
    </ClCompile>
    <ClCompile Include="Permissions.cpp">
      <Filter>Source Files</Filter>
    </ClCompile>
    <ClCompile Include="Antivirus.cpp">
      <Filter>Source Files</Filter>
    </ClCompile>
    <ClCompile Include="Virus.cpp">
      <Filter>Source Files</Filter>
    </ClCompile>
    <ClCompile Include="Connection.cpp">
      <Filter>Source Files</Filter>
    </ClCompile>
    <ClCompile Include="EthernetPort.cpp">
      <Filter>Source Files</Filter>
    </ClCompile>
    <ClCompile Include="Firewall.cpp">
      <Filter>Source Files</Filter>
    </ClCompile>
    <ClCompile Include="Browser.cpp">
      <Filter>Source Files</Filter>
    </ClCompile>
    <ClCompile Include="Website.cpp">
      <Filter>Source Files</Filter>
    </ClCompile>
    <ClCompile Include="Router.cpp">
      <Filter>Source Files</Filter>
    </ClCompile>
  </ItemGroup>
</Project>